
Microsoft Visual Studio Solution File, Format Version 12.00
# Visual Studio Version 16
VisualStudioVersion = 16.0.33529.622
MinimumVisualStudioVersion = 10.0.40219.1
Project("{FAE04EC0-301F-11D3-BF4B-00C04F79EFBC}") = "ThisWillWork", "ThisWillWork\ThisWillWork.csproj", "{3F5EDB13-9803-4970-9BAD-CB38E5A9A502}"
EndProject
Global
	GlobalSection(SolutionConfigurationPlatforms) = preSolution
		Debug|Any CPU = Debug|Any CPU
		Release|Any CPU = Release|Any CPU
	EndGlobalSection
	GlobalSection(ProjectConfigurationPlatforms) = postSolution
		{3F5EDB13-9803-4970-9BAD-CB38E5A9A502}.Debug|Any CPU.ActiveCfg = Debug|Any CPU
		{3F5EDB13-9803-4970-9BAD-CB38E5A9A502}.Debug|Any CPU.Build.0 = Debug|Any CPU
		{3F5EDB13-9803-4970-9BAD-CB38E5A9A502}.Release|Any CPU.ActiveCfg = Release|Any CPU
		{3F5EDB13-9803-4970-9BAD-CB38E5A9A502}.Release|Any CPU.Build.0 = Release|Any CPU
	EndGlobalSection
	GlobalSection(SolutionProperties) = preSolution
		HideSolutionNode = FALSE
	EndGlobalSection
	GlobalSection(ExtensibilityGlobals) = postSolution
		SolutionGuid = {E0ADDFFC-53BA-4299-ACEF-114791A30470}
	EndGlobalSection
EndGlobal
